{
  "name": "_Ravel-lib",
  "lockfileVersion": 2,
  "requires": true,
  "packages": {
    "": {
      "dependencies": {
        "liquidfun-emscripten": "^1.1.4"
      }
    },
    "node_modules/liquidfun-emscripten": {
      "version": "1.1.4",
      "resolved": "https://registry.npmjs.org/liquidfun-emscripten/-/liquidfun-emscripten-1.1.4.tgz",
      "integrity": "sha512-vMi1zm1aZ5Fr+v3PQ/qaFBvO1sLalUcRnI8BRaDngmLiqAkvm+MbWjl5VmPuKbiVYZ9yGpqkLhL2YivCalE7MA=="
    }
  },
  "dependencies": {
    "liquidfun-emscripten": {
      "version": "1.1.4",
      "resolved": "https://registry.npmjs.org/liquidfun-emscripten/-/liquidfun-emscripten-1.1.4.tgz",
      "integrity": "sha512-vMi1zm1aZ5Fr+v3PQ/qaFBvO1sLalUcRnI8BRaDngmLiqAkvm+MbWjl5VmPuKbiVYZ9yGpqkLhL2YivCalE7MA=="
    }
  }
}
